
Microsoft Visual Studio Solution File, Format Version 12.00
# Visual Studio Version 16
VisualStudioVersion = 16.0.30517.126
MinimumVisualStudioVersion = 10.0.40219.1
Project("{FAE04EC0-301F-11D3-BF4B-00C04F79EFBC}") = "Calendar", "Calendar\Calendar.csproj", "{EB03B6BE-2424-4EE9-BC4A-E3614515485E}"
EndProject
Global
	GlobalSection(SolutionConfigurationPlatforms) = preSolution
		Debug|Any CPU = Debug|Any CPU
		Release|Any CPU = Release|Any CPU
	EndGlobalSection
	GlobalSection(ProjectConfigurationPlatforms) = postSolution
		{EB03B6BE-2424-4EE9-BC4A-E3614515485E}.Debug|Any CPU.ActiveCfg = Debug|Any CPU
		{EB03B6BE-2424-4EE9-BC4A-E3614515485E}.Debug|Any CPU.Build.0 = Debug|Any CPU
		{EB03B6BE-2424-4EE9-BC4A-E3614515485E}.Release|Any CPU.ActiveCfg = Release|Any CPU
		{EB03B6BE-2424-4EE9-BC4A-E3614515485E}.Release|Any CPU.Build.0 = Release|Any CPU
	EndGlobalSection
	GlobalSection(SolutionProperties) = preSolution
		HideSolutionNode = FALSE
	EndGlobalSection
	GlobalSection(ExtensibilityGlobals) = postSolution
		SolutionGuid = {206E2C36-F625-451B-BF01-5B7DAFF049A6}
	EndGlobalSection
EndGlobal
